// !$*UTF8*$!
{
	archiveVersion = 1;
	classes = {
	};
	objectVersion = 48;
	objects = {

/* Begin PBXBuildFile section */
		BF38EA851FC6BE4400E4D42E /* ThreeRingTest.swift in Sources */ = {isa = PBXBuildFile; fileRef = BF38EA821FC6BDD300E4D42E /* ThreeRingTest.swift */; };
		BFE58C6B1FC4184F0019D875 /* ThreeRingControl.framework in Frameworks */ = {isa = PBXBuildFile; fileRef = BFE58C611FC4184E0019D875 /* ThreeRingControl.framework */; };
		BFE58C701FC4184F0019D875 /* ThreeRingControlTests.swift in Sources */ = {isa = PBXBuildFile; fileRef = BFE58C6F1FC4184F0019D875 /* ThreeRingControlTests.swift */; };
		BFE58C721FC4184F0019D875 /* ThreeRingControl.h in Headers */ = {isa = PBXBuildFile; fileRef = BFE58C641FC4184E0019D875 /* ThreeRingControl.h */; settings = {ATTRIBUTES = (Public, ); }; };
		BFE58CA41FC4189D0019D875 /* Fanfare.swift in Sources */ = {isa = PBXBuildFile; fileRef = BFE58C8D1FC4189C0019D875 /* Fanfare.swift */; };
		BFE58CA51FC4189D0019D875 /* CircularGradient.swift in Sources */ = {isa = PBXBuildFile; fileRef = BFE58C8E1FC4189C0019D875 /* CircularGradient.swift */; };
		BFE58CA61FC4189D0019D875 /* ThreeRingView.swift in Sources */ = {isa = PBXBuildFile; fileRef = BFE58C8F1FC4189C0019D875 /* ThreeRingView.swift */; };
		BFE58CA71FC4189D0019D875 /* winning.mp3 in Resources */ = {isa = PBXBuildFile; fileRef = BFE58C901FC4189C0019D875 /* winning.mp3 */; };
		BFE58CA81FC4189D0019D875 /* RingLayer.swift in Sources */ = {isa = PBXBuildFile; fileRef = BFE58C911FC4189C0019D875 /* RingLayer.swift */; };
		BFE58CA91FC4189D0019D875 /* coin07.mp3 in Resources */ = {isa = PBXBuildFile; fileRef = BFE58C921FC4189C0019D875 /* coin07.mp3 */; };
		BFE58CAA1FC4189D0019D875 /* RingTip.swift in Sources */ = {isa = PBXBuildFile; fileRef = BFE58C931FC4189C0019D875 /* RingTip.swift */; };
		BFE58CAB1FC4189D0019D875 /* Utilities.swift in Sources */ = {isa = PBXBuildFile; fileRef = BFE58C941FC4189C0019D875 /* Utilities.swift */; };
/* End PBXBuildFile section */

/* Begin PBXContainerItemProxy section */
		BFE58C6C1FC4184F0019D875 /* PBXContainerItemProxy */ = {
			isa = PBXContainerItemProxy;
			containerPortal = BFE58C581FC4184E0019D875 /* Project object */;
			proxyType = 1;
			remoteGlobalIDString = BFE58C601FC4184E0019D875;
			remoteInfo = ThreeRingControl;
		};
/* End PBXContainerItemProxy section */

/* Begin PBXFileReference section */
		BF38EA821FC6BDD300E4D42E /* ThreeRingTest.swift */ = {isa = PBXFileReference; fileEncoding = 4; lastKnownFileType = sourcecode.swift; path = ThreeRingTest.swift; sourceTree = "<group>"; };
		BFE58C611FC4184E0019D875 /* ThreeRingControl.framework */ = {isa = PBXFileReference; explicitFileType = wrapper.framework; includeInIndex = 0; path = ThreeRingControl.framework; sourceTree = BUILT_PRODUCTS_DIR; };
		BFE58C641FC4184E0019D875 /* ThreeRingControl.h */ = {isa = PBXFileReference; lastKnownFileType = sourcecode.c.h; path = ThreeRingControl.h; sourceTree = "<group>"; };
		BFE58C651FC4184F0019D875 /* Info.plist */ = {isa = PBXFileReference; lastKnownFileType = text.plist.xml; path = Info.plist; sourceTree = "<group>"; };
		BFE58C6A1FC4184F0019D875 /* ThreeRingControlTests.xctest */ = {isa = PBXFileReference; explicitFileType = wrapper.cfbundle; includeInIndex = 0; path = ThreeRingControlTests.xctest; sourceTree = BUILT_PRODUCTS_DIR; };
		BFE58C6F1FC4184F0019D875 /* ThreeRingControlTests.swift */ = {isa = PBXFileReference; lastKnownFileType = sourcecode.swift; path = ThreeRingControlTests.swift; sourceTree = "<group>"; };
		BFE58C711FC4184F0019D875 /* Info.plist */ = {isa = PBXFileReference; lastKnownFileType = text.plist.xml; path = Info.plist; sourceTree = "<group>"; };
		BFE58C8D1FC4189C0019D875 /* Fanfare.swift */ = {isa = PBXFileReference; fileEncoding = 4; lastKnownFileType = sourcecode.swift; path = Fanfare.swift; sourceTree = "<group>"; };
		BFE58C8E1FC4189C0019D875 /* CircularGradient.swift */ = {isa = PBXFileReference; fileEncoding = 4; lastKnownFileType = sourcecode.swift; path = CircularGradient.swift; sourceTree = "<group>"; };
		BFE58C8F1FC4189C0019D875 /* ThreeRingView.swift */ = {isa = PBXFileReference; fileEncoding = 4; lastKnownFileType = sourcecode.swift; path = ThreeRingView.swift; sourceTree = "<group>"; };
		BFE58C901FC4189C0019D875 /* winning.mp3 */ = {isa = PBXFileReference; lastKnownFileType = audio.mp3; path = winning.mp3; sourceTree = "<group>"; };
		BFE58C911FC4189C0019D875 /* RingLayer.swift */ = {isa = PBXFileReference; fileEncoding = 4; lastKnownFileType = sourcecode.swift; path = RingLayer.swift; sourceTree = "<group>"; };
		BFE58C921FC4189C0019D875 /* coin07.mp3 */ = {isa = PBXFileReference; lastKnownFileType = audio.mp3; path = coin07.mp3; sourceTree = "<group>"; };
		BFE58C931FC4189C0019D875 /* RingTip.swift */ = {isa = PBXFileReference; fileEncoding = 4; lastKnownFileType = sourcecode.swift; path = RingTip.swift; sourceTree = "<group>"; };
		BFE58C941FC4189C0019D875 /* Utilities.swift */ = {isa = PBXFileReference; fileEncoding = 4; lastKnownFileType = sourcecode.swift; path = Utilities.swift; sourceTree = "<group>"; };
/* End PBXFileReference section */

/* Begin PBXFrameworksBuildPhase section */
		BFE58C5D1FC4184E0019D875 /* Frameworks */ = {
			isa = PBXFrameworksBuildPhase;
			buildActionMask = 2147483647;
			files = (
			);
			runOnlyForDeploymentPostprocessing = 0;
		};
		BFE58C671FC4184F0019D875 /* Frameworks */ = {
			isa = PBXFrameworksBuildPhase;
			buildActionMask = 2147483647;
			files = (
				BFE58C6B1FC4184F0019D875 /* ThreeRingControl.framework in Frameworks */,
			);
			runOnlyForDeploymentPostprocessing = 0;
		};
/* End PBXFrameworksBuildPhase section */

/* Begin PBXGroup section */
		BFE58C571FC4184E0019D875 = {
			isa = PBXGroup;
			children = (
				BFE58C8E1FC4189C0019D875 /* CircularGradient.swift */,
				BFE58C921FC4189C0019D875 /* coin07.mp3 */,
				BFE58C8D1FC4189C0019D875 /* Fanfare.swift */,
				BFE58C911FC4189C0019D875 /* RingLayer.swift */,
				BFE58C931FC4189C0019D875 /* RingTip.swift */,
				BFE58C8F1FC4189C0019D875 /* ThreeRingView.swift */,
				BFE58C941FC4189C0019D875 /* Utilities.swift */,
				BFE58C901FC4189C0019D875 /* winning.mp3 */,
				BFE58C631FC4184E0019D875 /* ThreeRingControl */,
				BFE58C6E1FC4184F0019D875 /* ThreeRingControlTests */,
				BFE58C621FC4184E0019D875 /* Products */,
			);
			sourceTree = "<group>";
		};
		BFE58C621FC4184E0019D875 /* Products */ = {
			isa = PBXGroup;
			children = (
				BFE58C611FC4184E0019D875 /* ThreeRingControl.framework */,
				BFE58C6A1FC4184F0019D875 /* ThreeRingControlTests.xctest */,
			);
			name = Products;
			sourceTree = "<group>";
		};
		BFE58C631FC4184E0019D875 /* ThreeRingControl */ = {
			isa = PBXGroup;
			children = (
				BFE58C641FC4184E0019D875 /* ThreeRingControl.h */,
				BFE58C651FC4184F0019D875 /* Info.plist */,
			);
			path = ThreeRingControl;
			sourceTree = "<group>";
		};
		BFE58C6E1FC4184F0019D875 /* ThreeRingControlTests */ = {
			isa = PBXGroup;
			children = (
				BF38EA821FC6BDD300E4D42E /* ThreeRingTest.swift */,
				BFE58C6F1FC4184F0019D875 /* ThreeRingControlTests.swift */,
				BFE58C711FC4184F0019D875 /* Info.plist */,
			);
			path = ThreeRingControlTests;
			sourceTree = "<group>";
		};
/* End PBXGroup section */

/* Begin PBXHeadersBuildPhase section */
		BFE58C5E1FC4184E0019D875 /* Headers */ = {
			isa = PBXHeadersBuildPhase;
			buildActionMask = 2147483647;
			files = (
				BFE58C721FC4184F0019D875 /* ThreeRingControl.h in Headers */,
			);
			runOnlyForDeploymentPostprocessing = 0;
		};
/* End PBXHeadersBuildPhase section */

/* Begin PBXNativeTarget section */
		BFE58C601FC4184E0019D875 /* ThreeRingControl */ = {
			isa = PBXNativeTarget;
			buildConfigurationList = BFE58C751FC4184F0019D875 /* Build configuration list for PBXNativeTarget "ThreeRingControl" */;
			buildPhases = (
				BFE58C5C1FC4184E0019D875 /* Sources */,
				BFE58C5D1FC4184E0019D875 /* Frameworks */,
				BFE58C5E1FC4184E0019D875 /* Headers */,
				BFE58C5F1FC4184E0019D875 /* Resources */,
			);
			buildRules = (
			);
			dependencies = (
			);
			name = ThreeRingControl;
			productName = ThreeRingControl;
			productReference = BFE58C611FC4184E0019D875 /* ThreeRingControl.framework */;
			productType = "com.apple.product-type.framework";
		};
		BFE58C691FC4184F0019D875 /* ThreeRingControlTests */ = {
			isa = PBXNativeTarget;
			buildConfigurationList = BFE58C781FC4184F0019D875 /* Build configuration list for PBXNativeTarget "ThreeRingControlTests" */;
			buildPhases = (
				BFE58C661FC4184F0019D875 /* Sources */,
				BFE58C671FC4184F0019D875 /* Frameworks */,
				BFE58C681FC4184F0019D875 /* Resources */,
			);
			buildRules = (
			);
			dependencies = (
				BFE58C6D1FC4184F0019D875 /* PBXTargetDependency */,
			);
			name = ThreeRingControlTests;
			productName = ThreeRingControlTests;
			productReference = BFE58C6A1FC4184F0019D875 /* ThreeRingControlTests.xctest */;
			productType = "com.apple.product-type.bundle.unit-test";
		};
/* End PBXNativeTarget section */

/* Begin PBXProject section */
		BFE58C581FC4184E0019D875 /* Project object */ = {
			isa = PBXProject;
			attributes = {
				LastSwiftUpdateCheck = 0910;
				LastUpgradeCheck = 0910;
				ORGANIZATIONNAME = "朝辉贾";
				TargetAttributes = {
					BFE58C601FC4184E0019D875 = {
						CreatedOnToolsVersion = 9.1;
						LastSwiftMigration = 0910;
						ProvisioningStyle = Automatic;
					};
					BFE58C691FC4184F0019D875 = {
						CreatedOnToolsVersion = 9.1;
						ProvisioningStyle = Automatic;
					};
				};
			};
			buildConfigurationList = BFE58C5B1FC4184E0019D875 /* Build configuration list for PBXProject "ThreeRingControl" */;
			compatibilityVersion = "Xcode 8.0";
			developmentRegion = en;
			hasScannedForEncodings = 0;
			knownRegions = (
				en,
				Base,
			);
			mainGroup = BFE58C571FC4184E0019D875;
			productRefGroup = BFE58C621FC4184E0019D875 /* Products */;
			projectDirPath = "";
			projectRoot = "";
			targets = (
				BFE58C601FC4184E0019D875 /* ThreeRingControl */,
				BFE58C691FC4184F0019D875 /* ThreeRingControlTests */,
			);
		};
/* End PBXProject section */

/* Begin PBXResourcesBuildPhase section */
		BFE58C5F1FC4184E0019D875 /* Resources */ = {
			isa = PBXResourcesBuildPhase;
			buildActionMask = 2147483647;
			files = (
				BFE58CA71FC4189D0019D875 /* winning.mp3 in Resources */,
				BFE58CA91FC4189D0019D875 /* coin07.mp3 in Resources */,
			);
			runOnlyForDeploymentPostprocessing = 0;
		};
		BFE58C681FC4184F0019D875 /* Resources */ = {
			isa = PBXResourcesBuildPhase;
			buildActionMask = 2147483647;
			files = (
			);
			runOnlyForDeploymentPostprocessing = 0;
		};
/* End PBXResourcesBuildPhase section */

/* Begin PBXSourcesBuildPhase section */
		BFE58C5C1FC4184E0019D875 /* Sources */ = {
			isa = PBXSourcesBuildPhase;
			buildActionMask = 2147483647;
			files = (
				BFE58CAB1FC4189D0019D875 /* Utilities.swift in Sources */,
				BFE58CA61FC4189D0019D875 /* ThreeRingView.swift in Sources */,
				BFE58CA51FC4189D0019D875 /* CircularGradient.swift in Sources */,
				BFE58CA81FC4189D0019D875 /* RingLayer.swift in Sources */,
				BFE58CA41FC4189D0019D875 /* Fanfare.swift in Sources */,
				BFE58CAA1FC4189D0019D875 /* RingTip.swift in Sources */,
			);
			runOnlyForDeploymentPostprocessing = 0;
		};
		BFE58C661FC4184F0019D875 /* Sources */ = {
			isa = PBXSourcesBuildPhase;
			buildActionMask = 2147483647;
			files = (
				BF38EA851FC6BE4400E4D42E /* ThreeRingTest.swift in Sources */,
				BFE58C701FC4184F0019D875 /* ThreeRingControlTests.swift in Sources */,
			);
			runOnlyForDeploymentPostprocessing = 0;
		};
/* End PBXSourcesBuildPhase section */

/* Begin PBXTargetDependency section */
		BFE58C6D1FC4184F0019D875 /* PBXTargetDependency */ = {
			isa = PBXTargetDependency;
			target = BFE58C601FC4184E0019D875 /* ThreeRingControl */;
			targetProxy = BFE58C6C1FC4184F0019D875 /* PBXContainerItemProxy */;
		};
/* End PBXTargetDependency section */

/* Begin XCBuildConfiguration section */
		BFE58C731FC4184F0019D875 /* Debug */ = {
			isa = XCBuildConfiguration;
			buildSettings = {
				ALWAYS_SEARCH_USER_PATHS = NO;
				CLANG_ANALYZER_NONNULL = YES;
				CLANG_ANALYZER_NUMBER_OBJECT_CONVERSION = YES_AGGRESSIVE;
				CLANG_CXX_LANGUAGE_STANDARD = "gnu++14";
				CLANG_CXX_LIBRARY = "libc++";
				CLANG_ENABLE_MODULES = YES;
				CLANG_ENABLE_OBJC_ARC = YES;
				CLANG_WARN_BLOCK_CAPTURE_AUTORELEASING = YES;
				CLANG_WARN_BOOL_CONVERSION = YES;
				CLANG_WARN_COMMA = YES;
				CLANG_WARN_CONSTANT_CONVERSION = YES;
				CLANG_WARN_DIRECT_OBJC_ISA_USAGE = YES_ERROR;
				CLANG_WARN_DOCUMENTATION_COMMENTS = YES;
				CLANG_WARN_EMPTY_BODY = YES;
				CLANG_WARN_ENUM_CONVERSION = YES;
				CLANG_WARN_INFINITE_RECURSION = YES;
				CLANG_WARN_INT_CONVERSION = YES;
				CLANG_WARN_NON_LITERAL_NULL_CONVERSION = YES;
				CLANG_WARN_OBJC_LITERAL_CONVERSION = YES;
				CLANG_WARN_OBJC_ROOT_CLASS = YES_ERROR;
				CLANG_WARN_RANGE_LOOP_ANALYSIS = YES;
				CLANG_WARN_STRICT_PROTOTYPES = YES;
				CLANG_WARN_SUSPICIOUS_MOVE = YES;
				CLANG_WARN_UNGUARDED_AVAILABILITY = YES_AGGRESSIVE;
				CLANG_WARN_UNREACHABLE_CODE = YES;
				CLANG_WARN__DUPLICATE_METHOD_MATCH = YES;
				CODE_SIGN_IDENTITY = "iPhone Developer";
				COPY_PHASE_STRIP = NO;
				CURRENT_PROJECT_VERSION = 1;
				DEBUG_INFORMATION_FORMAT = dwarf;
				ENABLE_STRICT_OBJC_MSGSEND = YES;
				ENABLE_TESTABILITY = YES;
				GCC_C_LANGUAGE_STANDARD = gnu11;
				GCC_DYNAMIC_NO_PIC = NO;
				GCC_NO_COMMON_BLOCKS = YES;
				GCC_OPTIMIZATION_LEVEL = 0;
				GCC_PREPROCESSOR_DEFINITIONS = (
					"DEBUG=1",
					"$(inherited)",
				);
				GCC_WARN_64_TO_32_BIT_CONVERSION = YES;
				GCC_WARN_ABOUT_RETURN_TYPE = YES_ERROR;
				GCC_WARN_UNDECLARED_SELECTOR = YES;
				GCC_WARN_UNINITIALIZED_AUTOS = YES_AGGRESSIVE;
				GCC_WARN_UNUSED_FUNCTION = YES;
				GCC_WARN_UNUSED_VARIABLE = YES;
				IPHONEOS_DEPLOYMENT_TARGET = 11.1;
				MTL_ENABLE_DEBUG_INFO = YES;
				ONLY_ACTIVE_ARCH = YES;
				SDKROOT = iphoneos;
				SWIFT_ACTIVE_COMPILATION_CONDITIONS = DEBUG;
				SWIFT_OPTIMIZATION_LEVEL = "-Onone";
				VERSIONING_SYSTEM = "apple-generic";
				VERSION_INFO_PREFIX = "";
			};
			name = Debug;
		};
		BFE58C741FC4184F0019D875 /* Release */ = {
			isa = XCBuildConfiguration;
			buildSettings = {
				ALWAYS_SEARCH_USER_PATHS = NO;
				CLANG_ANALYZER_NONNULL = YES;
				CLANG_ANALYZER_NUMBER_OBJECT_CONVERSION = YES_AGGRESSIVE;
				CLANG_CXX_LANGUAGE_STANDARD = "gnu++14";
				CLANG_CXX_LIBRARY = "libc++";
				CLANG_ENABLE_MODULES = YES;
				CLANG_ENABLE_OBJC_ARC = YES;
				CLANG_WARN_BLOCK_CAPTURE_AUTORELEASING = YES;
				CLANG_WARN_BOOL_CONVERSION = YES;
				CLANG_WARN_COMMA = YES;
				CLANG_WARN_CONSTANT_CONVERSION = YES;
				CLANG_WARN_DIRECT_OBJC_ISA_USAGE = YES_ERROR;
				CLANG_WARN_DOCUMENTATION_COMMENTS = YES;
				CLANG_WARN_EMPTY_BODY = YES;
				CLANG_WARN_ENUM_CONVERSION = YES;
				CLANG_WARN_INFINITE_RECURSION = YES;
				CLANG_WARN_INT_CONVERSION = YES;
				CLANG_WARN_NON_LITERAL_NULL_CONVERSION = YES;
				CLANG_WARN_OBJC_LITERAL_CONVERSION = YES;
				CLANG_WARN_OBJC_ROOT_CLASS = YES_ERROR;
				CLANG_WARN_RANGE_LOOP_ANALYSIS = YES;
				CLANG_WARN_STRICT_PROTOTYPES = YES;
				CLANG_WARN_SUSPICIOUS_MOVE = YES;
				CLANG_WARN_UNGUARDED_AVAILABILITY = YES_AGGRESSIVE;
				CLANG_WARN_UNREACHABLE_CODE = YES;
				CLANG_WARN__DUPLICATE_METHOD_MATCH = YES;
				CODE_SIGN_IDENTITY = "iPhone Developer";
				COPY_PHASE_STRIP = NO;
				CURRENT_PROJECT_VERSION = 1;
				DEBUG_INFORMATION_FORMAT = "dwarf-with-dsym";
				ENABLE_NS_ASSERTIONS = NO;
				ENABLE_STRICT_OBJC_MSGSEND = YES;
				GCC_C_LANGUAGE_STANDARD = gnu11;
				GCC_NO_COMMON_BLOCKS = YES;
				GCC_WARN_64_TO_32_BIT_CONVERSION = YES;
				GCC_WARN_ABOUT_RETURN_TYPE = YES_ERROR;
				GCC_WARN_UNDECLARED_SELECTOR = YES;
				GCC_WARN_UNINITIALIZED_AUTOS = YES_AGGRESSIVE;
				GCC_WARN_UNUSED_FUNCTION = YES;
				GCC_WARN_UNUSED_VARIABLE = YES;
				IPHONEOS_DEPLOYMENT_TARGET = 11.1;
				MTL_ENABLE_DEBUG_INFO = NO;
				SDKROOT = iphoneos;
				SWIFT_OPTIMIZATION_LEVEL = "-Owholemodule";
				VALIDATE_PRODUCT = YES;
				VERSIONING_SYSTEM = "apple-generic";
				VERSION_INFO_PREFIX = "";
			};
			name = Release;
		};
		BFE58C761FC4184F0019D875 /* Debug */ = {
			isa = XCBuildConfiguration;
			buildSettings = {
				CLANG_ENABLE_MODULES = YES;
				CODE_SIGN_IDENTITY = "";
				CODE_SIGN_STYLE = Automatic;
				DEFINES_MODULE = YES;
				DEVELOPMENT_TEAM = ZZEB3P6V4Y;
				DYLIB_COMPATIBILITY_VERSION = 1;
				DYLIB_CURRENT_VERSION = 1;
				DYLIB_INSTALL_NAME_BASE = "@rpath";
				INFOPLIST_FILE = ThreeRingControl/Info.plist;
				INSTALL_PATH = "$(LOCAL_LIBRARY_DIR)/Frameworks";
				IPHONEOS_DEPLOYMENT_TARGET = 8.0;
				LD_RUNPATH_SEARCH_PATHS = "$(inherited) @executable_path/Frameworks @loader_path/Frameworks";
				PRODUCT_BUNDLE_IDENTIFIER = jiazhh.ThreeRingControl;
				PRODUCT_NAME = "$(TARGET_NAME:c99extidentifier)";
				SKIP_INSTALL = YES;
				SWIFT_OPTIMIZATION_LEVEL = "-Onone";
				SWIFT_VERSION = 4.0;
				TARGETED_DEVICE_FAMILY = "1,2";
			};
			name = Debug;
		};
		BFE58C771FC4184F0019D875 /* Release */ = {
			isa = XCBuildConfiguration;
			buildSettings = {
				CLANG_ENABLE_MODULES = YES;
				CODE_SIGN_IDENTITY = "";
				CODE_SIGN_STYLE = Automatic;
				DEFINES_MODULE = YES;
				DEVELOPMENT_TEAM = ZZEB3P6V4Y;
				DYLIB_COMPATIBILITY_VERSION = 1;
				DYLIB_CURRENT_VERSION = 1;
				DYLIB_INSTALL_NAME_BASE = "@rpath";
				INFOPLIST_FILE = ThreeRingControl/Info.plist;
				INSTALL_PATH = "$(LOCAL_LIBRARY_DIR)/Frameworks";
				IPHONEOS_DEPLOYMENT_TARGET = 8.0;
				LD_RUNPATH_SEARCH_PATHS = "$(inherited) @executable_path/Frameworks @loader_path/Frameworks";
				PRODUCT_BUNDLE_IDENTIFIER = jiazhh.ThreeRingControl;
				PRODUCT_NAME = "$(TARGET_NAME:c99extidentifier)";
				SKIP_INSTALL = YES;
				SWIFT_VERSION = 4.0;
				TARGETED_DEVICE_FAMILY = "1,2";
			};
			name = Release;
		};
		BFE58C791FC4184F0019D875 /* Debug */ = {
			isa = XCBuildConfiguration;
			buildSettings = {
				ALWAYS_EMBED_SWIFT_STANDARD_LIBRARIES = YES;
				CODE_SIGN_STYLE = Automatic;
				DEVELOPMENT_TEAM = ZZEB3P6V4Y;
				INFOPLIST_FILE = ThreeRingControlTests/Info.plist;
				LD_RUNPATH_SEARCH_PATHS = "$(inherited) @executable_path/Frameworks @loader_path/Frameworks";
				PRODUCT_BUNDLE_IDENTIFIER = jiazhh.ThreeRingControlTests;
				PRODUCT_NAME = "$(TARGET_NAME)";
				SWIFT_VERSION = 4.0;
				TARGETED_DEVICE_FAMILY = "1,2";
			};
			name = Debug;
		};
		BFE58C7A1FC4184F0019D875 /* Release */ = {
			isa = XCBuildConfiguration;
			buildSettings = {
				ALWAYS_EMBED_SWIFT_STANDARD_LIBRARIES = YES;
				CODE_SIGN_STYLE = Automatic;
				DEVELOPMENT_TEAM = ZZEB3P6V4Y;
				INFOPLIST_FILE = ThreeRingControlTests/Info.plist;
				LD_RUNPATH_SEARCH_PATHS = "$(inherited) @executable_path/Frameworks @loader_path/Frameworks";
				PRODUCT_BUNDLE_IDENTIFIER = jiazhh.ThreeRingControlTests;
				PRODUCT_NAME = "$(TARGET_NAME)";
				SWIFT_VERSION = 4.0;
				TARGETED_DEVICE_FAMILY = "1,2";
			};
			name = Release;
		};
/* End XCBuildConfiguration section */

/* Begin XCConfigurationList section */
		BFE58C5B1FC4184E0019D875 /* Build configuration list for PBXProject "ThreeRingControl" */ = {
			isa = XCConfigurationList;
			buildConfigurations = (
				BFE58C731FC4184F0019D875 /* Debug */,
				BFE58C741FC4184F0019D875 /* Release */,
			);
			defaultConfigurationIsVisible = 0;
			defaultConfigurationName = Release;
		};
		BFE58C751FC4184F0019D875 /* Build configuration list for PBXNativeTarget "ThreeRingControl" */ = {
			isa = XCConfigurationList;
			buildConfigurations = (
				BFE58C761FC4184F0019D875 /* Debug */,
				BFE58C771FC4184F0019D875 /* Release */,
			);
			defaultConfigurationIsVisible = 0;
			defaultConfigurationName = Release;
		};
		BFE58C781FC4184F0019D875 /* Build configuration list for PBXNativeTarget "ThreeRingControlTests" */ = {
			isa = XCConfigurationList;
			buildConfigurations = (
				BFE58C791FC4184F0019D875 /* Debug */,
				BFE58C7A1FC4184F0019D875 /* Release */,
			);
			defaultConfigurationIsVisible = 0;
			defaultConfigurationName = Release;
		};
/* End XCConfigurationList section */
	};
	rootObject = BFE58C581FC4184E0019D875 /* Project object */;
}
